# This file was autogenerated by Stack.
# You should not edit this file by hand.
# For more information, please see the documentation at:
#   https://docs.haskellstack.org/en/stable/topics/lock_files

packages:
- completed:
    hackage: time-hourglass-0.3.0@sha256:ee02356fe24919ec43ae17fc0007398c2fd0bbe822833b2d7a9c849537b90580,3114
    pantry-tree:
      sha256: 7d6acc1a643fe8692d1858c96cc04a417b8da53e53b6bdba6fe0ce6aa6aba774
      size: 1594
  original:
    hackage: time-hourglass-0.3.0@sha256:ee02356fe24919ec43ae17fc0007398c2fd0bbe822833b2d7a9c849537b90580,3114
snapshots:
- completed:
    sha256: cd28bd74375205718f1d5fa221730a9c17a203059708b1eb95f4b20d68bf82d9
    size: 724943
    url: https://raw.githubusercontent.com/commercialhaskell/stackage-snapshots/master/lts/24/2.yaml
  original: lts-24.2
